// !$*UTF8*$!
{
	archiveVersion = 1;
	classes = {
	};
	objectVersion = 55;
	objects = {

/* Begin PBXBuildFile section */
		ED11FF7F284000E500604456 /* Ingredient.swift in Sources */ = {isa = PBXBuildFile; fileRef = ED11FF7E284000E500604456 /* Ingredient.swift */; };
		ED1F0BC3283D4FAB005E5B6A /* Recipe_List_App.swift in Sources */ = {isa = PBXBuildFile; fileRef = ED1F0BC2283D4FAB005E5B6A /* Recipe_List_App.swift */; };
		ED1F0BC5283D4FAB005E5B6A /* RecipeListView.swift in Sources */ = {isa = PBXBuildFile; fileRef = ED1F0BC4283D4FAB005E5B6A /* RecipeListView.swift */; };
		ED1F0BC7283D4FAF005E5B6A /* Assets.xcassets in Resources */ = {isa = PBXBuildFile; fileRef = ED1F0BC6283D4FAF005E5B6A /* Assets.xcassets */; };
		ED1F0BCA283D4FAF005E5B6A /* Preview Assets.xcassets in Resources */ = {isa = PBXBuildFile; fileRef = ED1F0BC9283D4FAF005E5B6A /* Preview Assets.xcassets */; };
		ED1F0BD6283D51F3005E5B6A /* recipes.json in Resources */ = {isa = PBXBuildFile; fileRef = ED1F0BD5283D51F3005E5B6A /* recipes.json */; };
		ED1F0BDA283D529F005E5B6A /* Recipe.swift in Sources */ = {isa = PBXBuildFile; fileRef = ED1F0BD9283D529F005E5B6A /* Recipe.swift */; };
		ED1F0BDC283D5409005E5B6A /* RecipeModel.swift in Sources */ = {isa = PBXBuildFile; fileRef = ED1F0BDB283D5409005E5B6A /* RecipeModel.swift */; };
		ED1F0BDE283D5700005E5B6A /* DataService.swift in Sources */ = {isa = PBXBuildFile; fileRef = ED1F0BDD283D5700005E5B6A /* DataService.swift */; };
		ED1F0BE0283D60B6005E5B6A /* RecipeDetailView.swift in Sources */ = {isa = PBXBuildFile; fileRef = ED1F0BDF283D60B6005E5B6A /* RecipeDetailView.swift */; };
		ED1F0BFE283D7BDC005E5B6A /* RecipeTabView.swift in Sources */ = {isa = PBXBuildFile; fileRef = ED1F0BFD283D7BDC005E5B6A /* RecipeTabView.swift */; };
/* End PBXBuildFile section */

/* Begin PBXFileReference section */
		ED11FF7E284000E500604456 /* Ingredient.swift */ = {isa = PBXFileReference; lastKnownFileType = sourcecode.swift; path = Ingredient.swift; sourceTree = "<group>"; };
		ED1F0BBF283D4FAB005E5B6A /* Recipe List App.app */ = {isa = PBXFileReference; explicitFileType = wrapper.application; includeInIndex = 0; path = "Recipe List App.app"; sourceTree = BUILT_PRODUCTS_DIR; };
		ED1F0BC2283D4FAB005E5B6A /* Recipe_List_App.swift */ = {isa = PBXFileReference; lastKnownFileType = sourcecode.swift; path = Recipe_List_App.swift; sourceTree = "<group>"; };
		ED1F0BC4283D4FAB005E5B6A /* RecipeListView.swift */ = {isa = PBXFileReference; lastKnownFileType = sourcecode.swift; path = RecipeListView.swift; sourceTree = "<group>"; };
		ED1F0BC6283D4FAF005E5B6A /* Assets.xcassets */ = {isa = PBXFileReference; lastKnownFileType = folder.assetcatalog; path = Assets.xcassets; sourceTree = "<group>"; };
		ED1F0BC9283D4FAF005E5B6A /* Preview Assets.xcassets */ = {isa = PBXFileReference; lastKnownFileType = folder.assetcatalog; path = "Preview Assets.xcassets"; sourceTree = "<group>"; };
		ED1F0BD5283D51F3005E5B6A /* recipes.json */ = {isa = PBXFileReference; fileEncoding = 4; lastKnownFileType = text.json; path = recipes.json; sourceTree = "<group>"; };
		ED1F0BD9283D529F005E5B6A /* Recipe.swift */ = {isa = PBXFileReference; lastKnownFileType = sourcecode.swift; path = Recipe.swift; sourceTree = "<group>"; };
		ED1F0BDB283D5409005E5B6A /* RecipeModel.swift */ = {isa = PBXFileReference; lastKnownFileType = sourcecode.swift; path = RecipeModel.swift; sourceTree = "<group>"; };
		ED1F0BDD283D5700005E5B6A /* DataService.swift */ = {isa = PBXFileReference; lastKnownFileType = sourcecode.swift; path = DataService.swift; sourceTree = "<group>"; };
		ED1F0BDF283D60B6005E5B6A /* RecipeDetailView.swift */ = {isa = PBXFileReference; lastKnownFileType = sourcecode.swift; path = RecipeDetailView.swift; sourceTree = "<group>"; };
		ED1F0BFD283D7BDC005E5B6A /* RecipeTabView.swift */ = {isa = PBXFileReference; lastKnownFileType = sourcecode.swift; path = RecipeTabView.swift; sourceTree = "<group>"; };
/* End PBXFileReference section */

/* Begin PBXFrameworksBuildPhase section */
		ED1F0BBC283D4FAB005E5B6A /* Frameworks */ = {
			isa = PBXFrameworksBuildPhase;
			buildActionMask = 2147483647;
			files = (
			);
			runOnlyForDeploymentPostprocessing = 0;
		};
/* End PBXFrameworksBuildPhase section */

/* Begin PBXGroup section */
		ED1F0BB6283D4FAA005E5B6A = {
			isa = PBXGroup;
			children = (
				ED1F0BC1283D4FAB005E5B6A /* Recipe List App */,
				ED1F0BC0283D4FAB005E5B6A /* Products */,
			);
			sourceTree = "<group>";
		};
		ED1F0BC0283D4FAB005E5B6A /* Products */ = {
			isa = PBXGroup;
			children = (
				ED1F0BBF283D4FAB005E5B6A /* Recipe List App.app */,
			);
			name = Products;
			sourceTree = "<group>";
		};
		ED1F0BC1283D4FAB005E5B6A /* Recipe List App */ = {
			isa = PBXGroup;
			children = (
				ED1F0BC2283D4FAB005E5B6A /* Recipe_List_App.swift */,
				ED1F0BD0283D5053005E5B6A /* Views */,
				ED1F0BD1283D505E005E5B6A /* ViewModels */,
				ED1F0BD2283D5074005E5B6A /* Models */,
				ED1F0BD3283D5081005E5B6A /* Services */,
				ED1F0BD4283D508B005E5B6A /* Data */,
				ED1F0BC6283D4FAF005E5B6A /* Assets.xcassets */,
				ED1F0BC8283D4FAF005E5B6A /* Preview Content */,
			);
			path = "Recipe List App";
			sourceTree = "<group>";
		};
		ED1F0BC8283D4FAF005E5B6A /* Preview Content */ = {
			isa = PBXGroup;
			children = (
				ED1F0BC9283D4FAF005E5B6A /* Preview Assets.xcassets */,
			);
			path = "Preview Content";
			sourceTree = "<group>";
		};
		ED1F0BD0283D5053005E5B6A /* Views */ = {
			isa = PBXGroup;
			children = (
				ED1F0BC4283D4FAB005E5B6A /* RecipeListView.swift */,
				ED1F0BDF283D60B6005E5B6A /* RecipeDetailView.swift */,
				ED1F0BFD283D7BDC005E5B6A /* RecipeTabView.swift */,
			);
			path = Views;
			sourceTree = "<group>";
		};
		ED1F0BD1283D505E005E5B6A /* ViewModels */ = {
			isa = PBXGroup;
			children = (
				ED1F0BDB283D5409005E5B6A /* RecipeModel.swift */,
			);
			path = ViewModels;
			sourceTree = "<group>";
		};
		ED1F0BD2283D5074005E5B6A /* Models */ = {
			isa = PBXGroup;
			children = (
				ED1F0BD9283D529F005E5B6A /* Recipe.swift */,
				ED11FF7E284000E500604456 /* Ingredient.swift */,
			);
			path = Models;
			sourceTree = "<group>";
		};
		ED1F0BD3283D5081005E5B6A /* Services */ = {
			isa = PBXGroup;
			children = (
				ED1F0BDD283D5700005E5B6A /* DataService.swift */,
			);
			path = Services;
			sourceTree = "<group>";
		};
		ED1F0BD4283D508B005E5B6A /* Data */ = {
			isa = PBXGroup;
			children = (
				ED1F0BD5283D51F3005E5B6A /* recipes.json */,
			);
			path = Data;
			sourceTree = "<group>";
		};
/* End PBXGroup section */

/* Begin PBXNativeTarget section */
		ED1F0BBE283D4FAB005E5B6A /* Recipe List App */ = {
			isa = PBXNativeTarget;
			buildConfigurationList = ED1F0BCD283D4FAF005E5B6A /* Build configuration list for PBXNativeTarget "Recipe List App" */;
			buildPhases = (
				ED1F0BBB283D4FAB005E5B6A /* Sources */,
				ED1F0BBC283D4FAB005E5B6A /* Frameworks */,
				ED1F0BBD283D4FAB005E5B6A /* Resources */,
			);
			buildRules = (
			);
			dependencies = (
			);
			name = "Recipe List App";
			productName = "Recipe List App";
			productReference = ED1F0BBF283D4FAB005E5B6A /* Recipe List App.app */;
			productType = "com.apple.product-type.application";
		};
/* End PBXNativeTarget section */

/* Begin PBXProject section */
		ED1F0BB7283D4FAA005E5B6A /* Project object */ = {
			isa = PBXProject;
			attributes = {
				BuildIndependentTargetsInParallel = 1;
				LastSwiftUpdateCheck = 1340;
				LastUpgradeCheck = 1340;
				TargetAttributes = {
					ED1F0BBE283D4FAB005E5B6A = {
						CreatedOnToolsVersion = 13.4;
					};
				};
			};
			buildConfigurationList = ED1F0BBA283D4FAB005E5B6A /* Build configuration list for PBXProject "Recipe List App" */;
			compatibilityVersion = "Xcode 13.0";
			developmentRegion = en;
			hasScannedForEncodings = 0;
			knownRegions = (
				en,
				Base,
			);
			mainGroup = ED1F0BB6283D4FAA005E5B6A;
			productRefGroup = ED1F0BC0283D4FAB005E5B6A /* Products */;
			projectDirPath = "";
			projectRoot = "";
			targets = (
				ED1F0BBE283D4FAB005E5B6A /* Recipe List App */,
			);
		};
/* End PBXProject section */

/* Begin PBXResourcesBuildPhase section */
		ED1F0BBD283D4FAB005E5B6A /* Resources */ = {
			isa = PBXResourcesBuildPhase;
			buildActionMask = 2147483647;
			files = (
				ED1F0BCA283D4FAF005E5B6A /* Preview Assets.xcassets in Resources */,
				ED1F0BD6283D51F3005E5B6A /* recipes.json in Resources */,
				ED1F0BC7283D4FAF005E5B6A /* Assets.xcassets in Resources */,
			);
			runOnlyForDeploymentPostprocessing = 0;
		};
/* End PBXResourcesBuildPhase section */

/* Begin PBXSourcesBuildPhase section */
		ED1F0BBB283D4FAB005E5B6A /* Sources */ = {
			isa = PBXSourcesBuildPhase;
			buildActionMask = 2147483647;
			files = (
				ED1F0BDA283D529F005E5B6A /* Recipe.swift in Sources */,
				ED1F0BE0283D60B6005E5B6A /* RecipeDetailView.swift in Sources */,
				ED1F0BDC283D5409005E5B6A /* RecipeModel.swift in Sources */,
				ED1F0BC5283D4FAB005E5B6A /* RecipeListView.swift in Sources */,
				ED11FF7F284000E500604456 /* Ingredient.swift in Sources */,
				ED1F0BC3283D4FAB005E5B6A /* Recipe_List_App.swift in Sources */,
				ED1F0BDE283D5700005E5B6A /* DataService.swift in Sources */,
				ED1F0BFE283D7BDC005E5B6A /* RecipeTabView.swift in Sources */,
			);
			runOnlyForDeploymentPostprocessing = 0;
		};
/* End PBXSourcesBuildPhase section */

/* Begin XCBuildConfiguration section */
		ED1F0BCB283D4FAF005E5B6A /* Debug */ = {
			isa = XCBuildConfiguration;
			buildSettings = {
				ALWAYS_SEARCH_USER_PATHS = NO;
				CLANG_ANALYZER_NONNULL = YES;
				CLANG_ANALYZER_NUMBER_OBJECT_CONVERSION = YES_AGGRESSIVE;
				CLANG_CXX_LANGUAGE_STANDARD = "gnu++17";
				CLANG_ENABLE_MODULES = YES;
				CLANG_ENABLE_OBJC_ARC = YES;
				CLANG_ENABLE_OBJC_WEAK = YES;
				CLANG_WARN_BLOCK_CAPTURE_AUTORELEASING = YES;
				CLANG_WARN_BOOL_CONVERSION = YES;
				CLANG_WARN_COMMA = YES;
				CLANG_WARN_CONSTANT_CONVERSION = YES;
				CLANG_WARN_DEPRECATED_OBJC_IMPLEMENTATIONS = YES;
				CLANG_WARN_DIRECT_OBJC_ISA_USAGE = YES_ERROR;
				CLANG_WARN_DOCUMENTATION_COMMENTS = YES;
				CLANG_WARN_EMPTY_BODY = YES;
				CLANG_WARN_ENUM_CONVERSION = YES;
				CLANG_WARN_INFINITE_RECURSION = YES;
				CLANG_WARN_INT_CONVERSION = YES;
				CLANG_WARN_NON_LITERAL_NULL_CONVERSION = YES;
				CLANG_WARN_OBJC_IMPLICIT_RETAIN_SELF = YES;
				CLANG_WARN_OBJC_LITERAL_CONVERSION = YES;
				CLANG_WARN_OBJC_ROOT_CLASS = YES_ERROR;
				CLANG_WARN_QUOTED_INCLUDE_IN_FRAMEWORK_HEADER = YES;
				CLANG_WARN_RANGE_LOOP_ANALYSIS = YES;
				CLANG_WARN_STRICT_PROTOTYPES = YES;
				CLANG_WARN_SUSPICIOUS_MOVE = YES;
				CLANG_WARN_UNGUARDED_AVAILABILITY = YES_AGGRESSIVE;
				CLANG_WARN_UNREACHABLE_CODE = YES;
				CLANG_WARN__DUPLICATE_METHOD_MATCH = YES;
				COPY_PHASE_STRIP = NO;
				DEBUG_INFORMATION_FORMAT = dwarf;
				ENABLE_STRICT_OBJC_MSGSEND = YES;
				ENABLE_TESTABILITY = YES;
				GCC_C_LANGUAGE_STANDARD = gnu11;
				GCC_DYNAMIC_NO_PIC = NO;
				GCC_NO_COMMON_BLOCKS = YES;
				GCC_OPTIMIZATION_LEVEL = 0;
				GCC_PREPROCESSOR_DEFINITIONS = (
					"DEBUG=1",
					"$(inherited)",
				);
				GCC_WARN_64_TO_32_BIT_CONVERSION = YES;
				GCC_WARN_ABOUT_RETURN_TYPE = YES_ERROR;
				GCC_WARN_UNDECLARED_SELECTOR = YES;
				GCC_WARN_UNINITIALIZED_AUTOS = YES_AGGRESSIVE;
				GCC_WARN_UNUSED_FUNCTION = YES;
				GCC_WARN_UNUSED_VARIABLE = YES;
				IPHONEOS_DEPLOYMENT_TARGET = 15.5;
				MTL_ENABLE_DEBUG_INFO = INCLUDE_SOURCE;
				MTL_FAST_MATH = YES;
				ONLY_ACTIVE_ARCH = YES;
				SDKROOT = iphoneos;
				SWIFT_ACTIVE_COMPILATION_CONDITIONS = DEBUG;
				SWIFT_OPTIMIZATION_LEVEL = "-Onone";
			};
			name = Debug;
		};
		ED1F0BCC283D4FAF005E5B6A /* Release */ = {
			isa = XCBuildConfiguration;
			buildSettings = {
				ALWAYS_SEARCH_USER_PATHS = NO;
				CLANG_ANALYZER_NONNULL = YES;
				CLANG_ANALYZER_NUMBER_OBJECT_CONVERSION = YES_AGGRESSIVE;
				CLANG_CXX_LANGUAGE_STANDARD = "gnu++17";
				CLANG_ENABLE_MODULES = YES;
				CLANG_ENABLE_OBJC_ARC = YES;
				CLANG_ENABLE_OBJC_WEAK = YES;
				CLANG_WARN_BLOCK_CAPTURE_AUTORELEASING = YES;
				CLANG_WARN_BOOL_CONVERSION = YES;
				CLANG_WARN_COMMA = YES;
				CLANG_WARN_CONSTANT_CONVERSION = YES;
				CLANG_WARN_DEPRECATED_OBJC_IMPLEMENTATIONS = YES;
				CLANG_WARN_DIRECT_OBJC_ISA_USAGE = YES_ERROR;
				CLANG_WARN_DOCUMENTATION_COMMENTS = YES;
				CLANG_WARN_EMPTY_BODY = YES;
				CLANG_WARN_ENUM_CONVERSION = YES;
				CLANG_WARN_INFINITE_RECURSION = YES;
				CLANG_WARN_INT_CONVERSION = YES;
				CLANG_WARN_NON_LITERAL_NULL_CONVERSION = YES;
				CLANG_WARN_OBJC_IMPLICIT_RETAIN_SELF = YES;
				CLANG_WARN_OBJC_LITERAL_CONVERSION = YES;
				CLANG_WARN_OBJC_ROOT_CLASS = YES_ERROR;
				CLANG_WARN_QUOTED_INCLUDE_IN_FRAMEWORK_HEADER = YES;
				CLANG_WARN_RANGE_LOOP_ANALYSIS = YES;
				CLANG_WARN_STRICT_PROTOTYPES = YES;
				CLANG_WARN_SUSPICIOUS_MOVE = YES;
				CLANG_WARN_UNGUARDED_AVAILABILITY = YES_AGGRESSIVE;
				CLANG_WARN_UNREACHABLE_CODE = YES;
				CLANG_WARN__DUPLICATE_METHOD_MATCH = YES;
				COPY_PHASE_STRIP = NO;
				DEBUG_INFORMATION_FORMAT = "dwarf-with-dsym";
				ENABLE_NS_ASSERTIONS = NO;
				ENABLE_STRICT_OBJC_MSGSEND = YES;
				GCC_C_LANGUAGE_STANDARD = gnu11;
				GCC_NO_COMMON_BLOCKS = YES;
				GCC_WARN_64_TO_32_BIT_CONVERSION = YES;
				GCC_WARN_ABOUT_RETURN_TYPE = YES_ERROR;
				GCC_WARN_UNDECLARED_SELECTOR = YES;
				GCC_WARN_UNINITIALIZED_AUTOS = YES_AGGRESSIVE;
				GCC_WARN_UNUSED_FUNCTION = YES;
				GCC_WARN_UNUSED_VARIABLE = YES;
				IPHONEOS_DEPLOYMENT_TARGET = 15.5;
				MTL_ENABLE_DEBUG_INFO = NO;
				MTL_FAST_MATH = YES;
				SDKROOT = iphoneos;
				SWIFT_COMPILATION_MODE = wholemodule;
				SWIFT_OPTIMIZATION_LEVEL = "-O";
				VALIDATE_PRODUCT = YES;
			};
			name = Release;
		};
		ED1F0BCE283D4FAF005E5B6A /* Debug */ = {
			isa = XCBuildConfiguration;
			buildSettings = {
				ASSETCATALOG_COMPILER_APPICON_NAME = AppIcon;
				ASSETCATALOG_COMPILER_GLOBAL_ACCENT_COLOR_NAME = AccentColor;
				CODE_SIGN_STYLE = Automatic;
				CURRENT_PROJECT_VERSION = 1;
				DEVELOPMENT_ASSET_PATHS = "\"Recipe List App/Preview Content\"";
				DEVELOPMENT_TEAM = TTQB7PDLBV;
				ENABLE_PREVIEWS = YES;
				GENERATE_INFOPLIST_FILE = YES;
				INFOPLIST_KEY_UIApplicationSceneManifest_Generation = YES;
				INFOPLIST_KEY_UIApplicationSupportsIndirectInputEvents = YES;
				INFOPLIST_KEY_UILaunchScreen_Generation = YES;
				INFOPLIST_KEY_UISupportedInterfaceOrientations_iPad = "UIInterfaceOrientationPortrait UIInterfaceOrientationPortraitUpsideDown UIInterfaceOrientationLandscapeLeft UIInterfaceOrientationLandscapeRight";
				INFOPLIST_KEY_UISupportedInterfaceOrientations_iPhone = "UIInterfaceOrientationPortrait UIInterfaceOrientationLandscapeLeft UIInterfaceOrientationLandscapeRight";
				LD_RUNPATH_SEARCH_PATHS = (
					"$(inherited)",
					"@executable_path/Frameworks",
				);
				MARKETING_VERSION = 1.0;
				PRODUCT_BUNDLE_IDENTIFIER = "com.steverickley.Recipe-List-App";
				PRODUCT_NAME = "$(TARGET_NAME)";
				SWIFT_EMIT_LOC_STRINGS = YES;
				SWIFT_VERSION = 5.0;
				TARGETED_DEVICE_FAMILY = "1,2";
			};
			name = Debug;
		};
		ED1F0BCF283D4FAF005E5B6A /* Release */ = {
			isa = XCBuildConfiguration;
			buildSettings = {
				ASSETCATALOG_COMPILER_APPICON_NAME = AppIcon;
				ASSETCATALOG_COMPILER_GLOBAL_ACCENT_COLOR_NAME = AccentColor;
				CODE_SIGN_STYLE = Automatic;
				CURRENT_PROJECT_VERSION = 1;
				DEVELOPMENT_ASSET_PATHS = "\"Recipe List App/Preview Content\"";
				DEVELOPMENT_TEAM = TTQB7PDLBV;
				ENABLE_PREVIEWS = YES;
				GENERATE_INFOPLIST_FILE = YES;
				INFOPLIST_KEY_UIApplicationSceneManifest_Generation = YES;
				INFOPLIST_KEY_UIApplicationSupportsIndirectInputEvents = YES;
				INFOPLIST_KEY_UILaunchScreen_Generation = YES;
				INFOPLIST_KEY_UISupportedInterfaceOrientations_iPad = "UIInterfaceOrientationPortrait UIInterfaceOrientationPortraitUpsideDown UIInterfaceOrientationLandscapeLeft UIInterfaceOrientationLandscapeRight";
				INFOPLIST_KEY_UISupportedInterfaceOrientations_iPhone = "UIInterfaceOrientationPortrait UIInterfaceOrientationLandscapeLeft UIInterfaceOrientationLandscapeRight";
				LD_RUNPATH_SEARCH_PATHS = (
					"$(inherited)",
					"@executable_path/Frameworks",
				);
				MARKETING_VERSION = 1.0;
				PRODUCT_BUNDLE_IDENTIFIER = "com.steverickley.Recipe-List-App";
				PRODUCT_NAME = "$(TARGET_NAME)";
				SWIFT_EMIT_LOC_STRINGS = YES;
				SWIFT_VERSION = 5.0;
				TARGETED_DEVICE_FAMILY = "1,2";
			};
			name = Release;
		};
/* End XCBuildConfiguration section */

/* Begin XCConfigurationList section */
		ED1F0BBA283D4FAB005E5B6A /* Build configuration list for PBXProject "Recipe List App" */ = {
			isa = XCConfigurationList;
			buildConfigurations = (
				ED1F0BCB283D4FAF005E5B6A /* Debug */,
				ED1F0BCC283D4FAF005E5B6A /* Release */,
			);
			defaultConfigurationIsVisible = 0;
			defaultConfigurationName = Release;
		};
		ED1F0BCD283D4FAF005E5B6A /* Build configuration list for PBXNativeTarget "Recipe List App" */ = {
			isa = XCConfigurationList;
			buildConfigurations = (
				ED1F0BCE283D4FAF005E5B6A /* Debug */,
				ED1F0BCF283D4FAF005E5B6A /* Release */,
			);
			defaultConfigurationIsVisible = 0;
			defaultConfigurationName = Release;
		};
/* End XCConfigurationList section */
	};
	rootObject = ED1F0BB7283D4FAA005E5B6A /* Project object */;
}
